// !$*UTF8*$!
{
	archiveVersion = 1;
	classes = {
	};
	objectVersion = 56;
	objects = {

/* Begin PBXBuildFile section */
		D7AF1CB82BAE277D00F21B08 /* KidsEmotionQuizApp.swift in Sources */ = {isa = PBXBuildFile; fileRef = D7AF1CB72BAE277D00F21B08 /* KidsEmotionQuizApp.swift */; };
		D7AF1CBA2BAE277D00F21B08 /* ContentView.swift in Sources */ = {isa = PBXBuildFile; fileRef = D7AF1CB92BAE277D00F21B08 /* ContentView.swift */; };
		D7AF1CBC2BAE278500F21B08 /* Assets.xcassets in Resources */ = {isa = PBXBuildFile; fileRef = D7AF1CBB2BAE278500F21B08 /* Assets.xcassets */; };
		D7AF1CBF2BAE278500F21B08 /* Preview Assets.xcassets in Resources */ = {isa = PBXBuildFile; fileRef = D7AF1CBE2BAE278500F21B08 /* Preview Assets.xcassets */; };
		D7AF1CC92BAE278600F21B08 /* KidsEmotionQuizTests.swift in Sources */ = {isa = PBXBuildFile; fileRef = D7AF1CC82BAE278600F21B08 /* KidsEmotionQuizTests.swift */; };
		D7AF1CD32BAE278600F21B08 /* KidsEmotionQuizUITests.swift in Sources */ = {isa = PBXBuildFile; fileRef = D7AF1CD22BAE278600F21B08 /* KidsEmotionQuizUITests.swift */; };
		D7AF1CD52BAE278600F21B08 /* KidsEmotionQuizUITestsLaunchTests.swift in Sources */ = {isa = PBXBuildFile; fileRef = D7AF1CD42BAE278600F21B08 /* KidsEmotionQuizUITestsLaunchTests.swift */; };
		D7AF1CE42BAE29B600F21B08 /* PageView.swift in Sources */ = {isa = PBXBuildFile; fileRef = D7AF1CE32BAE29B600F21B08 /* PageView.swift */; };
		D7AF1CE82BAE2A4A00F21B08 /* Quiz.swift in Sources */ = {isa = PBXBuildFile; fileRef = D7AF1CE72BAE2A4A00F21B08 /* Quiz.swift */; };
/* End PBXBuildFile section */

/* Begin PBXContainerItemProxy section */
		D7AF1CC52BAE278600F21B08 /* PBXContainerItemProxy */ = {
			isa = PBXContainerItemProxy;
			containerPortal = D7AF1CAC2BAE277D00F21B08 /* Project object */;
			proxyType = 1;
			remoteGlobalIDString = D7AF1CB32BAE277D00F21B08;
			remoteInfo = KidsEmotionQuiz;
		};
		D7AF1CCF2BAE278600F21B08 /* PBXContainerItemProxy */ = {
			isa = PBXContainerItemProxy;
			containerPortal = D7AF1CAC2BAE277D00F21B08 /* Project object */;
			proxyType = 1;
			remoteGlobalIDString = D7AF1CB32BAE277D00F21B08;
			remoteInfo = KidsEmotionQuiz;
		};
/* End PBXContainerItemProxy section */

/* Begin PBXFileReference section */
		D7AF1CB42BAE277D00F21B08 /* KidsEmotionQuiz.app */ = {isa = PBXFileReference; explicitFileType = wrapper.application; includeInIndex = 0; path = KidsEmotionQuiz.app; sourceTree = BUILT_PRODUCTS_DIR; };
		D7AF1CB72BAE277D00F21B08 /* KidsEmotionQuizApp.swift */ = {isa = PBXFileReference; lastKnownFileType = sourcecode.swift; path = KidsEmotionQuizApp.swift; sourceTree = "<group>"; };
		D7AF1CB92BAE277D00F21B08 /* ContentView.swift */ = {isa = PBXFileReference; lastKnownFileType = sourcecode.swift; path = ContentView.swift; sourceTree = "<group>"; };
		D7AF1CBB2BAE278500F21B08 /* Assets.xcassets */ = {isa = PBXFileReference; lastKnownFileType = folder.assetcatalog; path = Assets.xcassets; sourceTree = "<group>"; };
		D7AF1CBE2BAE278500F21B08 /* Preview Assets.xcassets */ = {isa = PBXFileReference; lastKnownFileType = folder.assetcatalog; path = "Preview Assets.xcassets"; sourceTree = "<group>"; };
		D7AF1CC42BAE278600F21B08 /* KidsEmotionQuizTests.xctest */ = {isa = PBXFileReference; explicitFileType = wrapper.cfbundle; includeInIndex = 0; path = KidsEmotionQuizTests.xctest; sourceTree = BUILT_PRODUCTS_DIR; };
		D7AF1CC82BAE278600F21B08 /* KidsEmotionQuizTests.swift */ = {isa = PBXFileReference; lastKnownFileType = sourcecode.swift; path = KidsEmotionQuizTests.swift; sourceTree = "<group>"; };
		D7AF1CCE2BAE278600F21B08 /* KidsEmotionQuizUITests.xctest */ = {isa = PBXFileReference; explicitFileType = wrapper.cfbundle; includeInIndex = 0; path = KidsEmotionQuizUITests.xctest; sourceTree = BUILT_PRODUCTS_DIR; };
		D7AF1CD22BAE278600F21B08 /* KidsEmotionQuizUITests.swift */ = {isa = PBXFileReference; lastKnownFileType = sourcecode.swift; path = KidsEmotionQuizUITests.swift; sourceTree = "<group>"; };
		D7AF1CD42BAE278600F21B08 /* KidsEmotionQuizUITestsLaunchTests.swift */ = {isa = PBXFileReference; lastKnownFileType = sourcecode.swift; path = KidsEmotionQuizUITestsLaunchTests.swift; sourceTree = "<group>"; };
		D7AF1CE32BAE29B600F21B08 /* PageView.swift */ = {isa = PBXFileReference; lastKnownFileType = sourcecode.swift; path = PageView.swift; sourceTree = "<group>"; };
		D7AF1CE72BAE2A4A00F21B08 /* Quiz.swift */ = {isa = PBXFileReference; lastKnownFileType = sourcecode.swift; path = Quiz.swift; sourceTree = "<group>"; };
/* End PBXFileReference section */

/* Begin PBXFrameworksBuildPhase section */
		D7AF1CB12BAE277D00F21B08 /* Frameworks */ = {
			isa = PBXFrameworksBuildPhase;
			buildActionMask = 2147483647;
			files = (
			);
			runOnlyForDeploymentPostprocessing = 0;
		};
		D7AF1CC12BAE278600F21B08 /* Frameworks */ = {
			isa = PBXFrameworksBuildPhase;
			buildActionMask = 2147483647;
			files = (
			);
			runOnlyForDeploymentPostprocessing = 0;
		};
		D7AF1CCB2BAE278600F21B08 /* Frameworks */ = {
			isa = PBXFrameworksBuildPhase;
			buildActionMask = 2147483647;
			files = (
			);
			runOnlyForDeploymentPostprocessing = 0;
		};
/* End PBXFrameworksBuildPhase section */

/* Begin PBXGroup section */
		D7AF1CAB2BAE277D00F21B08 = {
			isa = PBXGroup;
			children = (
				D7AF1CB62BAE277D00F21B08 /* KidsEmotionQuiz */,
				D7AF1CC72BAE278600F21B08 /* KidsEmotionQuizTests */,
				D7AF1CD12BAE278600F21B08 /* KidsEmotionQuizUITests */,
				D7AF1CB52BAE277D00F21B08 /* Products */,
			);
			sourceTree = "<group>";
		};
		D7AF1CB52BAE277D00F21B08 /* Products */ = {
			isa = PBXGroup;
			children = (
				D7AF1CB42BAE277D00F21B08 /* KidsEmotionQuiz.app */,
				D7AF1CC42BAE278600F21B08 /* KidsEmotionQuizTests.xctest */,
				D7AF1CCE2BAE278600F21B08 /* KidsEmotionQuizUITests.xctest */,
			);
			name = Products;
			sourceTree = "<group>";
		};
		D7AF1CB62BAE277D00F21B08 /* KidsEmotionQuiz */ = {
			isa = PBXGroup;
			children = (
				D7AF1CE62BAE2A0100F21B08 /* Model */,
				D7AF1CE52BAE29D600F21B08 /* Views */,
				D7AF1CB72BAE277D00F21B08 /* KidsEmotionQuizApp.swift */,
				D7AF1CBB2BAE278500F21B08 /* Assets.xcassets */,
				D7AF1CBD2BAE278500F21B08 /* Preview Content */,
			);
			path = KidsEmotionQuiz;
			sourceTree = "<group>";
		};
		D7AF1CBD2BAE278500F21B08 /* Preview Content */ = {
			isa = PBXGroup;
			children = (
				D7AF1CBE2BAE278500F21B08 /* Preview Assets.xcassets */,
			);
			path = "Preview Content";
			sourceTree = "<group>";
		};
		D7AF1CC72BAE278600F21B08 /* KidsEmotionQuizTests */ = {
			isa = PBXGroup;
			children = (
				D7AF1CC82BAE278600F21B08 /* KidsEmotionQuizTests.swift */,
			);
			path = KidsEmotionQuizTests;
			sourceTree = "<group>";
		};
		D7AF1CD12BAE278600F21B08 /* KidsEmotionQuizUITests */ = {
			isa = PBXGroup;
			children = (
				D7AF1CD22BAE278600F21B08 /* KidsEmotionQuizUITests.swift */,
				D7AF1CD42BAE278600F21B08 /* KidsEmotionQuizUITestsLaunchTests.swift */,
			);
			path = KidsEmotionQuizUITests;
			sourceTree = "<group>";
		};
		D7AF1CE52BAE29D600F21B08 /* Views */ = {
			isa = PBXGroup;
			children = (
				D7AF1CB92BAE277D00F21B08 /* ContentView.swift */,
				D7AF1CE32BAE29B600F21B08 /* PageView.swift */,
			);
			path = Views;
			sourceTree = "<group>";
		};
		D7AF1CE62BAE2A0100F21B08 /* Model */ = {
			isa = PBXGroup;
			children = (
				D7AF1CE72BAE2A4A00F21B08 /* Quiz.swift */,
			);
			path = Model;
			sourceTree = "<group>";
		};
/* End PBXGroup section */

/* Begin PBXNativeTarget section */
		D7AF1CB32BAE277D00F21B08 /* KidsEmotionQuiz */ = {
			isa = PBXNativeTarget;
			buildConfigurationList = D7AF1CD82BAE278600F21B08 /* Build configuration list for PBXNativeTarget "KidsEmotionQuiz" */;
			buildPhases = (
				D7AF1CB02BAE277D00F21B08 /* Sources */,
				D7AF1CB12BAE277D00F21B08 /* Frameworks */,
				D7AF1CB22BAE277D00F21B08 /* Resources */,
			);
			buildRules = (
			);
			dependencies = (
			);
			name = KidsEmotionQuiz;
			productName = KidsEmotionQuiz;
			productReference = D7AF1CB42BAE277D00F21B08 /* KidsEmotionQuiz.app */;
			productType = "com.apple.product-type.application";
		};
		D7AF1CC32BAE278600F21B08 /* KidsEmotionQuizTests */ = {
			isa = PBXNativeTarget;
			buildConfigurationList = D7AF1CDB2BAE278600F21B08 /* Build configuration list for PBXNativeTarget "KidsEmotionQuizTests" */;
			buildPhases = (
				D7AF1CC02BAE278600F21B08 /* Sources */,
				D7AF1CC12BAE278600F21B08 /* Frameworks */,
				D7AF1CC22BAE278600F21B08 /* Resources */,
			);
			buildRules = (
			);
			dependencies = (
				D7AF1CC62BAE278600F21B08 /* PBXTargetDependency */,
			);
			name = KidsEmotionQuizTests;
			productName = KidsEmotionQuizTests;
			productReference = D7AF1CC42BAE278600F21B08 /* KidsEmotionQuizTests.xctest */;
			productType = "com.apple.product-type.bundle.unit-test";
		};
		D7AF1CCD2BAE278600F21B08 /* KidsEmotionQuizUITests */ = {
			isa = PBXNativeTarget;
			buildConfigurationList = D7AF1CDE2BAE278600F21B08 /* Build configuration list for PBXNativeTarget "KidsEmotionQuizUITests" */;
			buildPhases = (
				D7AF1CCA2BAE278600F21B08 /* Sources */,
				D7AF1CCB2BAE278600F21B08 /* Frameworks */,
				D7AF1CCC2BAE278600F21B08 /* Resources */,
			);
			buildRules = (
			);
			dependencies = (
				D7AF1CD02BAE278600F21B08 /* PBXTargetDependency */,
			);
			name = KidsEmotionQuizUITests;
			productName = KidsEmotionQuizUITests;
			productReference = D7AF1CCE2BAE278600F21B08 /* KidsEmotionQuizUITests.xctest */;
			productType = "com.apple.product-type.bundle.ui-testing";
		};
/* End PBXNativeTarget section */

/* Begin PBXProject section */
		D7AF1CAC2BAE277D00F21B08 /* Project object */ = {
			isa = PBXProject;
			attributes = {
				BuildIndependentTargetsInParallel = 1;
				LastSwiftUpdateCheck = 1530;
				LastUpgradeCheck = 1530;
				TargetAttributes = {
					D7AF1CB32BAE277D00F21B08 = {
						CreatedOnToolsVersion = 15.3;
					};
					D7AF1CC32BAE278600F21B08 = {
						CreatedOnToolsVersion = 15.3;
						TestTargetID = D7AF1CB32BAE277D00F21B08;
					};
					D7AF1CCD2BAE278600F21B08 = {
						CreatedOnToolsVersion = 15.3;
						TestTargetID = D7AF1CB32BAE277D00F21B08;
					};
				};
			};
			buildConfigurationList = D7AF1CAF2BAE277D00F21B08 /* Build configuration list for PBXProject "KidsEmotionQuiz" */;
			compatibilityVersion = "Xcode 14.0";
			developmentRegion = en;
			hasScannedForEncodings = 0;
			knownRegions = (
				en,
				Base,
			);
			mainGroup = D7AF1CAB2BAE277D00F21B08;
			productRefGroup = D7AF1CB52BAE277D00F21B08 /* Products */;
			projectDirPath = "";
			projectRoot = "";
			targets = (
				D7AF1CB32BAE277D00F21B08 /* KidsEmotionQuiz */,
				D7AF1CC32BAE278600F21B08 /* KidsEmotionQuizTests */,
				D7AF1CCD2BAE278600F21B08 /* KidsEmotionQuizUITests */,
			);
		};
/* End PBXProject section */

/* Begin PBXResourcesBuildPhase section */
		D7AF1CB22BAE277D00F21B08 /* Resources */ = {
			isa = PBXResourcesBuildPhase;
			buildActionMask = 2147483647;
			files = (
				D7AF1CBF2BAE278500F21B08 /* Preview Assets.xcassets in Resources */,
				D7AF1CBC2BAE278500F21B08 /* Assets.xcassets in Resources */,
			);
			runOnlyForDeploymentPostprocessing = 0;
		};
		D7AF1CC22BAE278600F21B08 /* Resources */ = {
			isa = PBXResourcesBuildPhase;
			buildActionMask = 2147483647;
			files = (
			);
			runOnlyForDeploymentPostprocessing = 0;
		};
		D7AF1CCC2BAE278600F21B08 /* Resources */ = {
			isa = PBXResourcesBuildPhase;
			buildActionMask = 2147483647;
			files = (
			);
			runOnlyForDeploymentPostprocessing = 0;
		};
/* End PBXResourcesBuildPhase section */

/* Begin PBXSourcesBuildPhase section */
		D7AF1CB02BAE277D00F21B08 /* Sources */ = {
			isa = PBXSourcesBuildPhase;
			buildActionMask = 2147483647;
			files = (
				D7AF1CBA2BAE277D00F21B08 /* ContentView.swift in Sources */,
				D7AF1CE42BAE29B600F21B08 /* PageView.swift in Sources */,
				D7AF1CE82BAE2A4A00F21B08 /* Quiz.swift in Sources */,
				D7AF1CB82BAE277D00F21B08 /* KidsEmotionQuizApp.swift in Sources */,
			);
			runOnlyForDeploymentPostprocessing = 0;
		};
		D7AF1CC02BAE278600F21B08 /* Sources */ = {
			isa = PBXSourcesBuildPhase;
			buildActionMask = 2147483647;
			files = (
				D7AF1CC92BAE278600F21B08 /* KidsEmotionQuizTests.swift in Sources */,
			);
			runOnlyForDeploymentPostprocessing = 0;
		};
		D7AF1CCA2BAE278600F21B08 /* Sources */ = {
			isa = PBXSourcesBuildPhase;
			buildActionMask = 2147483647;
			files = (
				D7AF1CD52BAE278600F21B08 /* KidsEmotionQuizUITestsLaunchTests.swift in Sources */,
				D7AF1CD32BAE278600F21B08 /* KidsEmotionQuizUITests.swift in Sources */,
			);
			runOnlyForDeploymentPostprocessing = 0;
		};
/* End PBXSourcesBuildPhase section */

/* Begin PBXTargetDependency section */
		D7AF1CC62BAE278600F21B08 /* PBXTargetDependency */ = {
			isa = PBXTargetDependency;
			target = D7AF1CB32BAE277D00F21B08 /* KidsEmotionQuiz */;
			targetProxy = D7AF1CC52BAE278600F21B08 /* PBXContainerItemProxy */;
		};
		D7AF1CD02BAE278600F21B08 /* PBXTargetDependency */ = {
			isa = PBXTargetDependency;
			target = D7AF1CB32BAE277D00F21B08 /* KidsEmotionQuiz */;
			targetProxy = D7AF1CCF2BAE278600F21B08 /* PBXContainerItemProxy */;
		};
/* End PBXTargetDependency section */

/* Begin XCBuildConfiguration section */
		D7AF1CD62BAE278600F21B08 /* Debug */ = {
			isa = XCBuildConfiguration;
			buildSettings = {
				ALWAYS_SEARCH_USER_PATHS = NO;
				ASSETCATALOG_COMPILER_GENERATE_SWIFT_ASSET_SYMBOL_EXTENSIONS = YES;
				CLANG_ANALYZER_NONNULL = YES;
				CLANG_ANALYZER_NUMBER_OBJECT_CONVERSION = YES_AGGRESSIVE;
				CLANG_CXX_LANGUAGE_STANDARD = "gnu++20";
				CLANG_ENABLE_MODULES = YES;
				CLANG_ENABLE_OBJC_ARC = YES;
				CLANG_ENABLE_OBJC_WEAK = YES;
				CLANG_WARN_BLOCK_CAPTURE_AUTORELEASING = YES;
				CLANG_WARN_BOOL_CONVERSION = YES;
				CLANG_WARN_COMMA = YES;
				CLANG_WARN_CONSTANT_CONVERSION = YES;
				CLANG_WARN_DEPRECATED_OBJC_IMPLEMENTATIONS = YES;
				CLANG_WARN_DIRECT_OBJC_ISA_USAGE = YES_ERROR;
				CLANG_WARN_DOCUMENTATION_COMMENTS = YES;
				CLANG_WARN_EMPTY_BODY = YES;
				CLANG_WARN_ENUM_CONVERSION = YES;
				CLANG_WARN_INFINITE_RECURSION = YES;
				CLANG_WARN_INT_CONVERSION = YES;
				CLANG_WARN_NON_LITERAL_NULL_CONVERSION = YES;
				CLANG_WARN_OBJC_IMPLICIT_RETAIN_SELF = YES;
				CLANG_WARN_OBJC_LITERAL_CONVERSION = YES;
				CLANG_WARN_OBJC_ROOT_CLASS = YES_ERROR;
				CLANG_WARN_QUOTED_INCLUDE_IN_FRAMEWORK_HEADER = YES;
				CLANG_WARN_RANGE_LOOP_ANALYSIS = YES;
				CLANG_WARN_STRICT_PROTOTYPES = YES;
				CLANG_WARN_SUSPICIOUS_MOVE = YES;
				CLANG_WARN_UNGUARDED_AVAILABILITY = YES_AGGRESSIVE;
				CLANG_WARN_UNREACHABLE_CODE = YES;
				CLANG_WARN__DUPLICATE_METHOD_MATCH = YES;
				COPY_PHASE_STRIP = NO;
				DEBUG_INFORMATION_FORMAT = dwarf;
				ENABLE_STRICT_OBJC_MSGSEND = YES;
				ENABLE_TESTABILITY = YES;
				ENABLE_USER_SCRIPT_SANDBOXING = YES;
				GCC_C_LANGUAGE_STANDARD = gnu17;
				GCC_DYNAMIC_NO_PIC = NO;
				GCC_NO_COMMON_BLOCKS = YES;
				GCC_OPTIMIZATION_LEVEL = 0;
				GCC_PREPROCESSOR_DEFINITIONS = (
					"DEBUG=1",
					"$(inherited)",
				);
				GCC_WARN_64_TO_32_BIT_CONVERSION = YES;
				GCC_WARN_ABOUT_RETURN_TYPE = YES_ERROR;
				GCC_WARN_UNDECLARED_SELECTOR = YES;
				GCC_WARN_UNINITIALIZED_AUTOS = YES_AGGRESSIVE;
				GCC_WARN_UNUSED_FUNCTION = YES;
				GCC_WARN_UNUSED_VARIABLE = YES;
				IPHONEOS_DEPLOYMENT_TARGET = 17.4;
				LOCALIZATION_PREFERS_STRING_CATALOGS = YES;
				MTL_ENABLE_DEBUG_INFO = INCLUDE_SOURCE;
				MTL_FAST_MATH = YES;
				ONLY_ACTIVE_ARCH = YES;
				SDKROOT = iphoneos;
				SWIFT_ACTIVE_COMPILATION_CONDITIONS = "DEBUG $(inherited)";
				SWIFT_OPTIMIZATION_LEVEL = "-Onone";
			};
			name = Debug;
		};
		D7AF1CD72BAE278600F21B08 /* Release */ = {
			isa = XCBuildConfiguration;
			buildSettings = {
				ALWAYS_SEARCH_USER_PATHS = NO;
				ASSETCATALOG_COMPILER_GENERATE_SWIFT_ASSET_SYMBOL_EXTENSIONS = YES;
				CLANG_ANALYZER_NONNULL = YES;
				CLANG_ANALYZER_NUMBER_OBJECT_CONVERSION = YES_AGGRESSIVE;
				CLANG_CXX_LANGUAGE_STANDARD = "gnu++20";
				CLANG_ENABLE_MODULES = YES;
				CLANG_ENABLE_OBJC_ARC = YES;
				CLANG_ENABLE_OBJC_WEAK = YES;
				CLANG_WARN_BLOCK_CAPTURE_AUTORELEASING = YES;
				CLANG_WARN_BOOL_CONVERSION = YES;
				CLANG_WARN_COMMA = YES;
				CLANG_WARN_CONSTANT_CONVERSION = YES;
				CLANG_WARN_DEPRECATED_OBJC_IMPLEMENTATIONS = YES;
				CLANG_WARN_DIRECT_OBJC_ISA_USAGE = YES_ERROR;
				CLANG_WARN_DOCUMENTATION_COMMENTS = YES;
				CLANG_WARN_EMPTY_BODY = YES;
				CLANG_WARN_ENUM_CONVERSION = YES;
				CLANG_WARN_INFINITE_RECURSION = YES;
				CLANG_WARN_INT_CONVERSION = YES;
				CLANG_WARN_NON_LITERAL_NULL_CONVERSION = YES;
				CLANG_WARN_OBJC_IMPLICIT_RETAIN_SELF = YES;
				CLANG_WARN_OBJC_LITERAL_CONVERSION = YES;
				CLANG_WARN_OBJC_ROOT_CLASS = YES_ERROR;
				CLANG_WARN_QUOTED_INCLUDE_IN_FRAMEWORK_HEADER = YES;
				CLANG_WARN_RANGE_LOOP_ANALYSIS = YES;
				CLANG_WARN_STRICT_PROTOTYPES = YES;
				CLANG_WARN_SUSPICIOUS_MOVE = YES;
				CLANG_WARN_UNGUARDED_AVAILABILITY = YES_AGGRESSIVE;
				CLANG_WARN_UNREACHABLE_CODE = YES;
				CLANG_WARN__DUPLICATE_METHOD_MATCH = YES;
				COPY_PHASE_STRIP = NO;
				DEBUG_INFORMATION_FORMAT = "dwarf-with-dsym";
				ENABLE_NS_ASSERTIONS = NO;
				ENABLE_STRICT_OBJC_MSGSEND = YES;
				ENABLE_USER_SCRIPT_SANDBOXING = YES;
				GCC_C_LANGUAGE_STANDARD = gnu17;
				GCC_NO_COMMON_BLOCKS = YES;
				GCC_WARN_64_TO_32_BIT_CONVERSION = YES;
				GCC_WARN_ABOUT_RETURN_TYPE = YES_ERROR;
				GCC_WARN_UNDECLARED_SELECTOR = YES;
				GCC_WARN_UNINITIALIZED_AUTOS = YES_AGGRESSIVE;
				GCC_WARN_UNUSED_FUNCTION = YES;
				GCC_WARN_UNUSED_VARIABLE = YES;
				IPHONEOS_DEPLOYMENT_TARGET = 17.4;
				LOCALIZATION_PREFERS_STRING_CATALOGS = YES;
				MTL_ENABLE_DEBUG_INFO = NO;
				MTL_FAST_MATH = YES;
				SDKROOT = iphoneos;
				SWIFT_COMPILATION_MODE = wholemodule;
				VALIDATE_PRODUCT = YES;
			};
			name = Release;
		};
		D7AF1CD92BAE278600F21B08 /* Debug */ = {
			isa = XCBuildConfiguration;
			buildSettings = {
				ASSETCATALOG_COMPILER_APPICON_NAME = AppIcon;
				ASSETCATALOG_COMPILER_GLOBAL_ACCENT_COLOR_NAME = AccentColor;
				CODE_SIGN_STYLE = Automatic;
				CURRENT_PROJECT_VERSION = 1;
				DEVELOPMENT_ASSET_PATHS = "\"KidsEmotionQuiz/Preview Content\"";
				DEVELOPMENT_TEAM = YZBPCYBU2L;
				ENABLE_PREVIEWS = YES;
				GENERATE_INFOPLIST_FILE = YES;
				INFOPLIST_KEY_UIApplicationSceneManifest_Generation = YES;
				INFOPLIST_KEY_UIApplicationSupportsIndirectInputEvents = YES;
				INFOPLIST_KEY_UILaunchScreen_Generation = YES;
				INFOPLIST_KEY_UISupportedInterfaceOrientations_iPad = "UIInterfaceOrientationPortrait UIInterfaceOrientationPortraitUpsideDown UIInterfaceOrientationLandscapeLeft UIInterfaceOrientationLandscapeRight";
				INFOPLIST_KEY_UISupportedInterfaceOrientations_iPhone = "UIInterfaceOrientationPortrait UIInterfaceOrientationLandscapeLeft UIInterfaceOrientationLandscapeRight";
				LD_RUNPATH_SEARCH_PATHS = (
					"$(inherited)",
					"@executable_path/Frameworks",
				);
				MARKETING_VERSION = 1.0;
				PRODUCT_BUNDLE_IDENTIFIER = com.briancaknight.KidsEmotionQuiz;
				PRODUCT_NAME = "$(TARGET_NAME)";
				SWIFT_EMIT_LOC_STRINGS = YES;
				SWIFT_VERSION = 5.0;
				TARGETED_DEVICE_FAMILY = "1,2";
			};
			name = Debug;
		};
		D7AF1CDA2BAE278600F21B08 /* Release */ = {
			isa = XCBuildConfiguration;
			buildSettings = {
				ASSETCATALOG_COMPILER_APPICON_NAME = AppIcon;
				ASSETCATALOG_COMPILER_GLOBAL_ACCENT_COLOR_NAME = AccentColor;
				CODE_SIGN_STYLE = Automatic;
				CURRENT_PROJECT_VERSION = 1;
				DEVELOPMENT_ASSET_PATHS = "\"KidsEmotionQuiz/Preview Content\"";
				DEVELOPMENT_TEAM = YZBPCYBU2L;
				ENABLE_PREVIEWS = YES;
				GENERATE_INFOPLIST_FILE = YES;
				INFOPLIST_KEY_UIApplicationSceneManifest_Generation = YES;
				INFOPLIST_KEY_UIApplicationSupportsIndirectInputEvents = YES;
				INFOPLIST_KEY_UILaunchScreen_Generation = YES;
				INFOPLIST_KEY_UISupportedInterfaceOrientations_iPad = "UIInterfaceOrientationPortrait UIInterfaceOrientationPortraitUpsideDown UIInterfaceOrientationLandscapeLeft UIInterfaceOrientationLandscapeRight";
				INFOPLIST_KEY_UISupportedInterfaceOrientations_iPhone = "UIInterfaceOrientationPortrait UIInterfaceOrientationLandscapeLeft UIInterfaceOrientationLandscapeRight";
				LD_RUNPATH_SEARCH_PATHS = (
					"$(inherited)",
					"@executable_path/Frameworks",
				);
				MARKETING_VERSION = 1.0;
				PRODUCT_BUNDLE_IDENTIFIER = com.briancaknight.KidsEmotionQuiz;
				PRODUCT_NAME = "$(TARGET_NAME)";
				SWIFT_EMIT_LOC_STRINGS = YES;
				SWIFT_VERSION = 5.0;
				TARGETED_DEVICE_FAMILY = "1,2";
			};
			name = Release;
		};
		D7AF1CDC2BAE278600F21B08 /* Debug */ = {
			isa = XCBuildConfiguration;
			buildSettings = {
				ALWAYS_EMBED_SWIFT_STANDARD_LIBRARIES = YES;
				BUNDLE_LOADER = "$(TEST_HOST)";
				CODE_SIGN_STYLE = Automatic;
				CURRENT_PROJECT_VERSION = 1;
				DEVELOPMENT_TEAM = YZBPCYBU2L;
				GENERATE_INFOPLIST_FILE = YES;
				IPHONEOS_DEPLOYMENT_TARGET = 17.4;
				MARKETING_VERSION = 1.0;
				PRODUCT_BUNDLE_IDENTIFIER = com.briancaknight.KidsEmotionQuizTests;
				PRODUCT_NAME = "$(TARGET_NAME)";
				SWIFT_EMIT_LOC_STRINGS = NO;
				SWIFT_VERSION = 5.0;
				TARGETED_DEVICE_FAMILY = "1,2";
				TEST_HOST = "$(BUILT_PRODUCTS_DIR)/KidsEmotionQuiz.app/$(BUNDLE_EXECUTABLE_FOLDER_PATH)/KidsEmotionQuiz";
			};
			name = Debug;
		};
		D7AF1CDD2BAE278600F21B08 /* Release */ = {
			isa = XCBuildConfiguration;
			buildSettings = {
				ALWAYS_EMBED_SWIFT_STANDARD_LIBRARIES = YES;
				BUNDLE_LOADER = "$(TEST_HOST)";
				CODE_SIGN_STYLE = Automatic;
				CURRENT_PROJECT_VERSION = 1;
				DEVELOPMENT_TEAM = YZBPCYBU2L;
				GENERATE_INFOPLIST_FILE = YES;
				IPHONEOS_DEPLOYMENT_TARGET = 17.4;
				MARKETING_VERSION = 1.0;
				PRODUCT_BUNDLE_IDENTIFIER = com.briancaknight.KidsEmotionQuizTests;
				PRODUCT_NAME = "$(TARGET_NAME)";
				SWIFT_EMIT_LOC_STRINGS = NO;
				SWIFT_VERSION = 5.0;
				TARGETED_DEVICE_FAMILY = "1,2";
				TEST_HOST = "$(BUILT_PRODUCTS_DIR)/KidsEmotionQuiz.app/$(BUNDLE_EXECUTABLE_FOLDER_PATH)/KidsEmotionQuiz";
			};
			name = Release;
		};
		D7AF1CDF2BAE278600F21B08 /* Debug */ = {
			isa = XCBuildConfiguration;
			buildSettings = {
				ALWAYS_EMBED_SWIFT_STANDARD_LIBRARIES = YES;
				CODE_SIGN_STYLE = Automatic;
				CURRENT_PROJECT_VERSION = 1;
				DEVELOPMENT_TEAM = YZBPCYBU2L;
				GENERATE_INFOPLIST_FILE = YES;
				MARKETING_VERSION = 1.0;
				PRODUCT_BUNDLE_IDENTIFIER = com.briancaknight.KidsEmotionQuizUITests;
				PRODUCT_NAME = "$(TARGET_NAME)";
				SWIFT_EMIT_LOC_STRINGS = NO;
				SWIFT_VERSION = 5.0;
				TARGETED_DEVICE_FAMILY = "1,2";
				TEST_TARGET_NAME = KidsEmotionQuiz;
			};
			name = Debug;
		};
		D7AF1CE02BAE278600F21B08 /* Release */ = {
			isa = XCBuildConfiguration;
			buildSettings = {
				ALWAYS_EMBED_SWIFT_STANDARD_LIBRARIES = YES;
				CODE_SIGN_STYLE = Automatic;
				CURRENT_PROJECT_VERSION = 1;
				DEVELOPMENT_TEAM = YZBPCYBU2L;
				GENERATE_INFOPLIST_FILE = YES;
				MARKETING_VERSION = 1.0;
				PRODUCT_BUNDLE_IDENTIFIER = com.briancaknight.KidsEmotionQuizUITests;
				PRODUCT_NAME = "$(TARGET_NAME)";
				SWIFT_EMIT_LOC_STRINGS = NO;
				SWIFT_VERSION = 5.0;
				TARGETED_DEVICE_FAMILY = "1,2";
				TEST_TARGET_NAME = KidsEmotionQuiz;
			};
			name = Release;
		};
/* End XCBuildConfiguration section */

/* Begin XCConfigurationList section */
		D7AF1CAF2BAE277D00F21B08 /* Build configuration list for PBXProject "KidsEmotionQuiz" */ = {
			isa = XCConfigurationList;
			buildConfigurations = (
				D7AF1CD62BAE278600F21B08 /* Debug */,
				D7AF1CD72BAE278600F21B08 /* Release */,
			);
			defaultConfigurationIsVisible = 0;
			defaultConfigurationName = Release;
		};
		D7AF1CD82BAE278600F21B08 /* Build configuration list for PBXNativeTarget "KidsEmotionQuiz" */ = {
			isa = XCConfigurationList;
			buildConfigurations = (
				D7AF1CD92BAE278600F21B08 /* Debug */,
				D7AF1CDA2BAE278600F21B08 /* Release */,
			);
			defaultConfigurationIsVisible = 0;
			defaultConfigurationName = Release;
		};
		D7AF1CDB2BAE278600F21B08 /* Build configuration list for PBXNativeTarget "KidsEmotionQuizTests" */ = {
			isa = XCConfigurationList;
			buildConfigurations = (
				D7AF1CDC2BAE278600F21B08 /* Debug */,
				D7AF1CDD2BAE278600F21B08 /* Release */,
			);
			defaultConfigurationIsVisible = 0;
			defaultConfigurationName = Release;
		};
		D7AF1CDE2BAE278600F21B08 /* Build configuration list for PBXNativeTarget "KidsEmotionQuizUITests" */ = {
			isa = XCConfigurationList;
			buildConfigurations = (
				D7AF1CDF2BAE278600F21B08 /* Debug */,
				D7AF1CE02BAE278600F21B08 /* Release */,
			);
			defaultConfigurationIsVisible = 0;
			defaultConfigurationName = Release;
		};
/* End XCConfigurationList section */
	};
	rootObject = D7AF1CAC2BAE277D00F21B08 /* Project object */;
}
